
Microsoft Visual Studio Solution File, Format Version 12.00
# Visual Studio 15
VisualStudioVersion = 15.0.28010.2046
MinimumVisualStudioVersion = 10.0.40219.1
Project("{FAE04EC0-301F-11D3-BF4B-00C04F79EFBC}") = "f12018DashBoard", "f12018DashBoard\f12018DashBoard.csproj", "{1BE585C2-5EEA-4390-A8E1-A438B079E882}"
EndProject
Project("{FAE04EC0-301F-11D3-BF4B-00C04F79EFBC}") = "f1Teleform", "f1Teleform\f1Teleform.csproj", "{15106C1A-6922-4A5F-AC4B-BA3BFD367F96}"
EndProject
Global
	GlobalSection(SolutionConfigurationPlatforms) = preSolution
		Debug|Any CPU = Debug|Any CPU
		Release|Any CPU = Release|Any CPU
	EndGlobalSection
	GlobalSection(ProjectConfigurationPlatforms) = postSolution
		{1BE585C2-5EEA-4390-A8E1-A438B079E882}.Debug|Any CPU.ActiveCfg = Debug|Any CPU
		{1BE585C2-5EEA-4390-A8E1-A438B079E882}.Debug|Any CPU.Build.0 = Debug|Any CPU
		{1BE585C2-5EEA-4390-A8E1-A438B079E882}.Release|Any CPU.ActiveCfg = Release|Any CPU
		{1BE585C2-5EEA-4390-A8E1-A438B079E882}.Release|Any CPU.Build.0 = Release|Any CPU
		{15106C1A-6922-4A5F-AC4B-BA3BFD367F96}.Debug|Any CPU.ActiveCfg = Debug|Any CPU
		{15106C1A-6922-4A5F-AC4B-BA3BFD367F96}.Debug|Any CPU.Build.0 = Debug|Any CPU
		{15106C1A-6922-4A5F-AC4B-BA3BFD367F96}.Release|Any CPU.ActiveCfg = Release|Any CPU
		{15106C1A-6922-4A5F-AC4B-BA3BFD367F96}.Release|Any CPU.Build.0 = Release|Any CPU
	EndGlobalSection
	GlobalSection(SolutionProperties) = preSolution
		HideSolutionNode = FALSE
	EndGlobalSection
	GlobalSection(ExtensibilityGlobals) = postSolution
		SolutionGuid = {29363EB9-2F1F-4B13-9B9D-41B9EF22B711}
	EndGlobalSection
EndGlobal
